
Microsoft Visual Studio Solution File, Format Version 12.00
# Visual Studio Version 17
VisualStudioVersion = 17.4.33122.133
MinimumVisualStudioVersion = 10.0.40219.1
Project("{FAE04EC0-301F-11D3-BF4B-00C04F79EFBC}") = "ReverseEngineerDatabase", "ReverseEngineerDatabase\ReverseEngineerDatabase.csproj", "{0A3D8DB6-F20C-4954-9665-FEED126C7C43}"
EndProject
Global
	GlobalSection(SolutionConfigurationPlatforms) = preSolution
		Debug|Any CPU = Debug|Any CPU
		Release|Any CPU = Release|Any CPU
	EndGlobalSection
	GlobalSection(ProjectConfigurationPlatforms) = postSolution
		{0A3D8DB6-F20C-4954-9665-FEED126C7C43}.Debug|Any CPU.ActiveCfg = Debug|Any CPU
		{0A3D8DB6-F20C-4954-9665-FEED126C7C43}.Debug|Any CPU.Build.0 = Debug|Any CPU
		{0A3D8DB6-F20C-4954-9665-FEED126C7C43}.Release|Any CPU.ActiveCfg = Release|Any CPU
		{0A3D8DB6-F20C-4954-9665-FEED126C7C43}.Release|Any CPU.Build.0 = Release|Any CPU
	EndGlobalSection
	GlobalSection(SolutionProperties) = preSolution
		HideSolutionNode = FALSE
	EndGlobalSection
	GlobalSection(ExtensibilityGlobals) = postSolution
		SolutionGuid = {5C10A854-E720-4944-AAE0-AD2DB4B4109A}
	EndGlobalSection
EndGlobal
